// !$*UTF8*$!
{
	archiveVersion = 1;
	classes = {
	};
	objectVersion = 46;
	objects = {

/* Begin PBXBuildFile section */
		9C7973D11E712D9D00AA82A8 /* AppDelegate.swift in Sources */ = {isa = PBXBuildFile; fileRef = 9C7973D01E712D9D00AA82A8 /* AppDelegate.swift */; };
		9C7973D31E712D9D00AA82A8 /* ViewController.swift in Sources */ = {isa = PBXBuildFile; fileRef = 9C7973D21E712D9D00AA82A8 /* ViewController.swift */; };
		9C7973D61E712D9D00AA82A8 /* Main.storyboard in Resources */ = {isa = PBXBuildFile; fileRef = 9C7973D41E712D9D00AA82A8 /* Main.storyboard */; };
		9C7973D81E712D9D00AA82A8 /* Assets.xcassets in Resources */ = {isa = PBXBuildFile; fileRef = 9C7973D71E712D9D00AA82A8 /* Assets.xcassets */; };
		9C7973DB1E712D9D00AA82A8 /* LaunchScreen.storyboard in Resources */ = {isa = PBXBuildFile; fileRef = 9C7973D91E712D9D00AA82A8 /* LaunchScreen.storyboard */; };
		9C7973E61E712D9D00AA82A8 /* MineralTests.swift in Sources */ = {isa = PBXBuildFile; fileRef = 9C7973E51E712D9D00AA82A8 /* MineralTests.swift */; };
		9C7973F11E712D9D00AA82A8 /* MineralUITests.swift in Sources */ = {isa = PBXBuildFile; fileRef = 9C7973F01E712D9D00AA82A8 /* MineralUITests.swift */; };
/* End PBXBuildFile section */

/* Begin PBXContainerItemProxy section */
		9C7973E21E712D9D00AA82A8 /* PBXContainerItemProxy */ = {
			isa = PBXContainerItemProxy;
			containerPortal = 9C7973C51E712D9D00AA82A8 /* Project object */;
			proxyType = 1;
			remoteGlobalIDString = 9C7973CC1E712D9D00AA82A8;
			remoteInfo = Mineral;
		};
		9C7973ED1E712D9D00AA82A8 /* PBXContainerItemProxy */ = {
			isa = PBXContainerItemProxy;
			containerPortal = 9C7973C51E712D9D00AA82A8 /* Project object */;
			proxyType = 1;
			remoteGlobalIDString = 9C7973CC1E712D9D00AA82A8;
			remoteInfo = Mineral;
		};
/* End PBXContainerItemProxy section */

/* Begin PBXFileReference section */
		9C7973CD1E712D9D00AA82A8 /* Mineral.app */ = {isa = PBXFileReference; explicitFileType = wrapper.application; includeInIndex = 0; path = Mineral.app; sourceTree = BUILT_PRODUCTS_DIR; };
		9C7973D01E712D9D00AA82A8 /* AppDelegate.swift */ = {isa = PBXFileReference; lastKnownFileType = sourcecode.swift; path = AppDelegate.swift; sourceTree = "<group>"; };
		9C7973D21E712D9D00AA82A8 /* ViewController.swift */ = {isa = PBXFileReference; lastKnownFileType = sourcecode.swift; path = ViewController.swift; sourceTree = "<group>"; };
		9C7973D51E712D9D00AA82A8 /* Base */ = {isa = PBXFileReference; lastKnownFileType = file.storyboard; name = Base; path = Base.lproj/Main.storyboard; sourceTree = "<group>"; };
		9C7973D71E712D9D00AA82A8 /* Assets.xcassets */ = {isa = PBXFileReference; lastKnownFileType = folder.assetcatalog; path = Assets.xcassets; sourceTree = "<group>"; };
		9C7973DA1E712D9D00AA82A8 /* Base */ = {isa = PBXFileReference; lastKnownFileType = file.storyboard; name = Base; path = Base.lproj/LaunchScreen.storyboard; sourceTree = "<group>"; };
		9C7973DC1E712D9D00AA82A8 /* Info.plist */ = {isa = PBXFileReference; lastKnownFileType = text.plist.xml; path = Info.plist; sourceTree = "<group>"; };
		9C7973E11E712D9D00AA82A8 /* MineralTests.xctest */ = {isa = PBXFileReference; explicitFileType = wrapper.cfbundle; includeInIndex = 0; path = MineralTests.xctest; sourceTree = BUILT_PRODUCTS_DIR; };
		9C7973E51E712D9D00AA82A8 /* MineralTests.swift */ = {isa = PBXFileReference; lastKnownFileType = sourcecode.swift; path = MineralTests.swift; sourceTree = "<group>"; };
		9C7973E71E712D9D00AA82A8 /* Info.plist */ = {isa = PBXFileReference; lastKnownFileType = text.plist.xml; path = Info.plist; sourceTree = "<group>"; };
		9C7973EC1E712D9D00AA82A8 /* MineralUITests.xctest */ = {isa = PBXFileReference; explicitFileType = wrapper.cfbundle; includeInIndex = 0; path = MineralUITests.xctest; sourceTree = BUILT_PRODUCTS_DIR; };
		9C7973F01E712D9D00AA82A8 /* MineralUITests.swift */ = {isa = PBXFileReference; lastKnownFileType = sourcecode.swift; path = MineralUITests.swift; sourceTree = "<group>"; };
		9C7973F21E712D9D00AA82A8 /* Info.plist */ = {isa = PBXFileReference; lastKnownFileType = text.plist.xml; path = Info.plist; sourceTree = "<group>"; };
/* End PBXFileReference section */

/* Begin PBXFrameworksBuildPhase section */
		9C7973CA1E712D9D00AA82A8 /* Frameworks */ = {
			isa = PBXFrameworksBuildPhase;
			buildActionMask = 2147483647;
			files = (
			);
			runOnlyForDeploymentPostprocessing = 0;
		};
		9C7973DE1E712D9D00AA82A8 /* Frameworks */ = {
			isa = PBXFrameworksBuildPhase;
			buildActionMask = 2147483647;
			files = (
			);
			runOnlyForDeploymentPostprocessing = 0;
		};
		9C7973E91E712D9D00AA82A8 /* Frameworks */ = {
			isa = PBXFrameworksBuildPhase;
			buildActionMask = 2147483647;
			files = (
			);
			runOnlyForDeploymentPostprocessing = 0;
		};
/* End PBXFrameworksBuildPhase section */

/* Begin PBXGroup section */
		9C7973C41E712D9D00AA82A8 = {
			isa = PBXGroup;
			children = (
				9C7973CF1E712D9D00AA82A8 /* Mineral */,
				9C7973E41E712D9D00AA82A8 /* MineralTests */,
				9C7973EF1E712D9D00AA82A8 /* MineralUITests */,
				9C7973CE1E712D9D00AA82A8 /* Products */,
			);
			sourceTree = "<group>";
		};
		9C7973CE1E712D9D00AA82A8 /* Products */ = {
			isa = PBXGroup;
			children = (
				9C7973CD1E712D9D00AA82A8 /* Mineral.app */,
				9C7973E11E712D9D00AA82A8 /* MineralTests.xctest */,
				9C7973EC1E712D9D00AA82A8 /* MineralUITests.xctest */,
			);
			name = Products;
			sourceTree = "<group>";
		};
		9C7973CF1E712D9D00AA82A8 /* Mineral */ = {
			isa = PBXGroup;
			children = (
				9C7973D01E712D9D00AA82A8 /* AppDelegate.swift */,
				9C7973D21E712D9D00AA82A8 /* ViewController.swift */,
				9C7973D41E712D9D00AA82A8 /* Main.storyboard */,
				9C7973D71E712D9D00AA82A8 /* Assets.xcassets */,
				9C7973D91E712D9D00AA82A8 /* LaunchScreen.storyboard */,
				9C7973DC1E712D9D00AA82A8 /* Info.plist */,
			);
			path = Mineral;
			sourceTree = "<group>";
		};
		9C7973E41E712D9D00AA82A8 /* MineralTests */ = {
			isa = PBXGroup;
			children = (
				9C7973E51E712D9D00AA82A8 /* MineralTests.swift */,
				9C7973E71E712D9D00AA82A8 /* Info.plist */,
			);
			path = MineralTests;
			sourceTree = "<group>";
		};
		9C7973EF1E712D9D00AA82A8 /* MineralUITests */ = {
			isa = PBXGroup;
			children = (
				9C7973F01E712D9D00AA82A8 /* MineralUITests.swift */,
				9C7973F21E712D9D00AA82A8 /* Info.plist */,
			);
			path = MineralUITests;
			sourceTree = "<group>";
		};
/* End PBXGroup section */

/* Begin PBXNativeTarget section */
		9C7973CC1E712D9D00AA82A8 /* Mineral */ = {
			isa = PBXNativeTarget;
			buildConfigurationList = 9C7973F51E712D9D00AA82A8 /* Build configuration list for PBXNativeTarget "Mineral" */;
			buildPhases = (
				9C7973C91E712D9D00AA82A8 /* Sources */,
				9C7973CA1E712D9D00AA82A8 /* Frameworks */,
				9C7973CB1E712D9D00AA82A8 /* Resources */,
			);
			buildRules = (
			);
			dependencies = (
			);
			name = Mineral;
			productName = Mineral;
			productReference = 9C7973CD1E712D9D00AA82A8 /* Mineral.app */;
			productType = "com.apple.product-type.application";
		};
		9C7973E01E712D9D00AA82A8 /* MineralTests */ = {
			isa = PBXNativeTarget;
			buildConfigurationList = 9C7973F81E712D9D00AA82A8 /* Build configuration list for PBXNativeTarget "MineralTests" */;
			buildPhases = (
				9C7973DD1E712D9D00AA82A8 /* Sources */,
				9C7973DE1E712D9D00AA82A8 /* Frameworks */,
				9C7973DF1E712D9D00AA82A8 /* Resources */,
			);
			buildRules = (
			);
			dependencies = (
				9C7973E31E712D9D00AA82A8 /* PBXTargetDependency */,
			);
			name = MineralTests;
			productName = MineralTests;
			productReference = 9C7973E11E712D9D00AA82A8 /* MineralTests.xctest */;
			productType = "com.apple.product-type.bundle.unit-test";
		};
		9C7973EB1E712D9D00AA82A8 /* MineralUITests */ = {
			isa = PBXNativeTarget;
			buildConfigurationList = 9C7973FB1E712D9D00AA82A8 /* Build configuration list for PBXNativeTarget "MineralUITests" */;
			buildPhases = (
				9C7973E81E712D9D00AA82A8 /* Sources */,
				9C7973E91E712D9D00AA82A8 /* Frameworks */,
				9C7973EA1E712D9D00AA82A8 /* Resources */,
			);
			buildRules = (
			);
			dependencies = (
				9C7973EE1E712D9D00AA82A8 /* PBXTargetDependency */,
			);
			name = MineralUITests;
			productName = MineralUITests;
			productReference = 9C7973EC1E712D9D00AA82A8 /* MineralUITests.xctest */;
			productType = "com.apple.product-type.bundle.ui-testing";
		};
/* End PBXNativeTarget section */

/* Begin PBXProject section */
		9C7973C51E712D9D00AA82A8 /* Project object */ = {
			isa = PBXProject;
			attributes = {
				LastSwiftUpdateCheck = 0730;
				LastUpgradeCheck = 0730;
				ORGANIZATIONNAME = safetysafetys;
				TargetAttributes = {
					9C7973CC1E712D9D00AA82A8 = {
						CreatedOnToolsVersion = 7.3.1;
					};
					9C7973E01E712D9D00AA82A8 = {
						CreatedOnToolsVersion = 7.3.1;
						TestTargetID = 9C7973CC1E712D9D00AA82A8;
					};
					9C7973EB1E712D9D00AA82A8 = {
						CreatedOnToolsVersion = 7.3.1;
						TestTargetID = 9C7973CC1E712D9D00AA82A8;
					};
				};
			};
			buildConfigurationList = 9C7973C81E712D9D00AA82A8 /* Build configuration list for PBXProject "Mineral" */;
			compatibilityVersion = "Xcode 3.2";
			developmentRegion = English;
			hasScannedForEncodings = 0;
			knownRegions = (
				en,
				Base,
			);
			mainGroup = 9C7973C41E712D9D00AA82A8;
			productRefGroup = 9C7973CE1E712D9D00AA82A8 /* Products */;
			projectDirPath = "";
			projectRoot = "";
			targets = (
				9C7973CC1E712D9D00AA82A8 /* Mineral */,
				9C7973E01E712D9D00AA82A8 /* MineralTests */,
				9C7973EB1E712D9D00AA82A8 /* MineralUITests */,
			);
		};
/* End PBXProject section */

/* Begin PBXResourcesBuildPhase section */
		9C7973CB1E712D9D00AA82A8 /* Resources */ = {
			isa = PBXResourcesBuildPhase;
			buildActionMask = 2147483647;
			files = (
				9C7973DB1E712D9D00AA82A8 /* LaunchScreen.storyboard in Resources */,
				9C7973D81E712D9D00AA82A8 /* Assets.xcassets in Resources */,
				9C7973D61E712D9D00AA82A8 /* Main.storyboard in Resources */,
			);
			runOnlyForDeploymentPostprocessing = 0;
		};
		9C7973DF1E712D9D00AA82A8 /* Resources */ = {
			isa = PBXResourcesBuildPhase;
			buildActionMask = 2147483647;
			files = (
			);
			runOnlyForDeploymentPostprocessing = 0;
		};
		9C7973EA1E712D9D00AA82A8 /* Resources */ = {
			isa = PBXResourcesBuildPhase;
			buildActionMask = 2147483647;
			files = (
			);
			runOnlyForDeploymentPostprocessing = 0;
		};
/* End PBXResourcesBuildPhase section */

/* Begin PBXSourcesBuildPhase section */
		9C7973C91E712D9D00AA82A8 /* Sources */ = {
			isa = PBXSourcesBuildPhase;
			buildActionMask = 2147483647;
			files = (
				9C7973D31E712D9D00AA82A8 /* ViewController.swift in Sources */,
				9C7973D11E712D9D00AA82A8 /* AppDelegate.swift in Sources */,
			);
			runOnlyForDeploymentPostprocessing = 0;
		};
		9C7973DD1E712D9D00AA82A8 /* Sources */ = {
			isa = PBXSourcesBuildPhase;
			buildActionMask = 2147483647;
			files = (
				9C7973E61E712D9D00AA82A8 /* MineralTests.swift in Sources */,
			);
			runOnlyForDeploymentPostprocessing = 0;
		};
		9C7973E81E712D9D00AA82A8 /* Sources */ = {
			isa = PBXSourcesBuildPhase;
			buildActionMask = 2147483647;
			files = (
				9C7973F11E712D9D00AA82A8 /* MineralUITests.swift in Sources */,
			);
			runOnlyForDeploymentPostprocessing = 0;
		};
/* End PBXSourcesBuildPhase section */

/* Begin PBXTargetDependency section */
		9C7973E31E712D9D00AA82A8 /* PBXTargetDependency */ = {
			isa = PBXTargetDependency;
			target = 9C7973CC1E712D9D00AA82A8 /* Mineral */;
			targetProxy = 9C7973E21E712D9D00AA82A8 /* PBXContainerItemProxy */;
		};
		9C7973EE1E712D9D00AA82A8 /* PBXTargetDependency */ = {
			isa = PBXTargetDependency;
			target = 9C7973CC1E712D9D00AA82A8 /* Mineral */;
			targetProxy = 9C7973ED1E712D9D00AA82A8 /* PBXContainerItemProxy */;
		};
/* End PBXTargetDependency section */

/* Begin PBXVariantGroup section */
		9C7973D41E712D9D00AA82A8 /* Main.storyboard */ = {
			isa = PBXVariantGroup;
			children = (
				9C7973D51E712D9D00AA82A8 /* Base */,
			);
			name = Main.storyboard;
			sourceTree = "<group>";
		};
		9C7973D91E712D9D00AA82A8 /* LaunchScreen.storyboard */ = {
			isa = PBXVariantGroup;
			children = (
				9C7973DA1E712D9D00AA82A8 /* Base */,
			);
			name = LaunchScreen.storyboard;
			sourceTree = "<group>";
		};
/* End PBXVariantGroup section */

/* Begin XCBuildConfiguration section */
		9C7973F31E712D9D00AA82A8 /* Debug */ = {
			isa = XCBuildConfiguration;
			buildSettings = {
				ALWAYS_SEARCH_USER_PATHS = NO;
				CLANG_ANALYZER_NONNULL = YES;
				CLANG_CXX_LANGUAGE_STANDARD = "gnu++0x";
				CLANG_CXX_LIBRARY = "libc++";
				CLANG_ENABLE_MODULES = YES;
				CLANG_ENABLE_OBJC_ARC = YES;
				CLANG_WARN_BOOL_CONVERSION = YES;
				CLANG_WARN_CONSTANT_CONVERSION = YES;
				CLANG_WARN_DIRECT_OBJC_ISA_USAGE = YES_ERROR;
				CLANG_WARN_EMPTY_BODY = YES;
				CLANG_WARN_ENUM_CONVERSION = YES;
				CLANG_WARN_INT_CONVERSION = YES;
				CLANG_WARN_OBJC_ROOT_CLASS = YES_ERROR;
				CLANG_WARN_UNREACHABLE_CODE = YES;
				CLANG_WARN__DUPLICATE_METHOD_MATCH = YES;
				"CODE_SIGN_IDENTITY[sdk=iphoneos*]" = "iPhone Developer";
				COPY_PHASE_STRIP = NO;
				DEBUG_INFORMATION_FORMAT = dwarf;
				ENABLE_STRICT_OBJC_MSGSEND = YES;
				ENABLE_TESTABILITY = YES;
				GCC_C_LANGUAGE_STANDARD = gnu99;
				GCC_DYNAMIC_NO_PIC = NO;
				GCC_NO_COMMON_BLOCKS = YES;
				GCC_OPTIMIZATION_LEVEL = 0;
				GCC_PREPROCESSOR_DEFINITIONS = (
					"DEBUG=1",
					"$(inherited)",
				);
				GCC_WARN_64_TO_32_BIT_CONVERSION = YES;
				GCC_WARN_ABOUT_RETURN_TYPE = YES_ERROR;
				GCC_WARN_UNDECLARED_SELECTOR = YES;
				GCC_WARN_UNINITIALIZED_AUTOS = YES_AGGRESSIVE;
				GCC_WARN_UNUSED_FUNCTION = YES;
				GCC_WARN_UNUSED_VARIABLE = YES;
				IPHONEOS_DEPLOYMENT_TARGET = 9.3;
				MTL_ENABLE_DEBUG_INFO = YES;
				ONLY_ACTIVE_ARCH = YES;
				SDKROOT = iphoneos;
				SWIFT_OPTIMIZATION_LEVEL = "-Onone";
			};
			name = Debug;
		};
		9C7973F41E712D9D00AA82A8 /* Release */ = {
			isa = XCBuildConfiguration;
			buildSettings = {
				ALWAYS_SEARCH_USER_PATHS = NO;
				CLANG_ANALYZER_NONNULL = YES;
				CLANG_CXX_LANGUAGE_STANDARD = "gnu++0x";
				CLANG_CXX_LIBRARY = "libc++";
				CLANG_ENABLE_MODULES = YES;
				CLANG_ENABLE_OBJC_ARC = YES;
				CLANG_WARN_BOOL_CONVERSION = YES;
				CLANG_WARN_CONSTANT_CONVERSION = YES;
				CLANG_WARN_DIRECT_OBJC_ISA_USAGE = YES_ERROR;
				CLANG_WARN_EMPTY_BODY = YES;
				CLANG_WARN_ENUM_CONVERSION = YES;
				CLANG_WARN_INT_CONVERSION = YES;
				CLANG_WARN_OBJC_ROOT_CLASS = YES_ERROR;
				CLANG_WARN_UNREACHABLE_CODE = YES;
				CLANG_WARN__DUPLICATE_METHOD_MATCH = YES;
				"CODE_SIGN_IDENTITY[sdk=iphoneos*]" = "iPhone Developer";
				COPY_PHASE_STRIP = NO;
				DEBUG_INFORMATION_FORMAT = "dwarf-with-dsym";
				ENABLE_NS_ASSERTIONS = NO;
				ENABLE_STRICT_OBJC_MSGSEND = YES;
				GCC_C_LANGUAGE_STANDARD = gnu99;
				GCC_NO_COMMON_BLOCKS = YES;
				GCC_WARN_64_TO_32_BIT_CONVERSION = YES;
				GCC_WARN_ABOUT_RETURN_TYPE = YES_ERROR;
				GCC_WARN_UNDECLARED_SELECTOR = YES;
				GCC_WARN_UNINITIALIZED_AUTOS = YES_AGGRESSIVE;
				GCC_WARN_UNUSED_FUNCTION = YES;
				GCC_WARN_UNUSED_VARIABLE = YES;
				IPHONEOS_DEPLOYMENT_TARGET = 9.3;
				MTL_ENABLE_DEBUG_INFO = NO;
				SDKROOT = iphoneos;
				VALIDATE_PRODUCT = YES;
			};
			name = Release;
		};
		9C7973F61E712D9D00AA82A8 /* Debug */ = {
			isa = XCBuildConfiguration;
			buildSettings = {
				ASSETCATALOG_COMPILER_APPICON_NAME = AppIcon;
				INFOPLIST_FILE = Mineral/Info.plist;
				LD_RUNPATH_SEARCH_PATHS = "$(inherited) @executable_path/Frameworks";
				PRODUCT_BUNDLE_IDENTIFIER = cn.safetys.Mineral;
				PRODUCT_NAME = "$(TARGET_NAME)";
			};
			name = Debug;
		};
		9C7973F71E712D9D00AA82A8 /* Release */ = {
			isa = XCBuildConfiguration;
			buildSettings = {
				ASSETCATALOG_COMPILER_APPICON_NAME = AppIcon;
				INFOPLIST_FILE = Mineral/Info.plist;
				LD_RUNPATH_SEARCH_PATHS = "$(inherited) @executable_path/Frameworks";
				PRODUCT_BUNDLE_IDENTIFIER = cn.safetys.Mineral;
				PRODUCT_NAME = "$(TARGET_NAME)";
			};
			name = Release;
		};
		9C7973F91E712D9D00AA82A8 /* Debug */ = {
			isa = XCBuildConfiguration;
			buildSettings = {
				BUNDLE_LOADER = "$(TEST_HOST)";
				INFOPLIST_FILE = MineralTests/Info.plist;
				LD_RUNPATH_SEARCH_PATHS = "$(inherited) @executable_path/Frameworks @loader_path/Frameworks";
				PRODUCT_BUNDLE_IDENTIFIER = cn.safetys.MineralTests;
				PRODUCT_NAME = "$(TARGET_NAME)";
				TEST_HOST = "$(BUILT_PRODUCTS_DIR)/Mineral.app/Mineral";
			};
			name = Debug;
		};
		9C7973FA1E712D9D00AA82A8 /* Release */ = {
			isa = XCBuildConfiguration;
			buildSettings = {
				BUNDLE_LOADER = "$(TEST_HOST)";
				INFOPLIST_FILE = MineralTests/Info.plist;
				LD_RUNPATH_SEARCH_PATHS = "$(inherited) @executable_path/Frameworks @loader_path/Frameworks";
				PRODUCT_BUNDLE_IDENTIFIER = cn.safetys.MineralTests;
				PRODUCT_NAME = "$(TARGET_NAME)";
				TEST_HOST = "$(BUILT_PRODUCTS_DIR)/Mineral.app/Mineral";
			};
			name = Release;
		};
		9C7973FC1E712D9D00AA82A8 /* Debug */ = {
			isa = XCBuildConfiguration;
			buildSettings = {
				INFOPLIST_FILE = MineralUITests/Info.plist;
				LD_RUNPATH_SEARCH_PATHS = "$(inherited) @executable_path/Frameworks @loader_path/Frameworks";
				PRODUCT_BUNDLE_IDENTIFIER = cn.safetys.MineralUITests;
				PRODUCT_NAME = "$(TARGET_NAME)";
				TEST_TARGET_NAME = Mineral;
			};
			name = Debug;
		};
		9C7973FD1E712D9D00AA82A8 /* Release */ = {
			isa = XCBuildConfiguration;
			buildSettings = {
				INFOPLIST_FILE = MineralUITests/Info.plist;
				LD_RUNPATH_SEARCH_PATHS = "$(inherited) @executable_path/Frameworks @loader_path/Frameworks";
				PRODUCT_BUNDLE_IDENTIFIER = cn.safetys.MineralUITests;
				PRODUCT_NAME = "$(TARGET_NAME)";
				TEST_TARGET_NAME = Mineral;
			};
			name = Release;
		};
/* End XCBuildConfiguration section */

/* Begin XCConfigurationList section */
		9C7973C81E712D9D00AA82A8 /* Build configuration list for PBXProject "Mineral" */ = {
			isa = XCConfigurationList;
			buildConfigurations = (
				9C7973F31E712D9D00AA82A8 /* Debug */,
				9C7973F41E712D9D00AA82A8 /* Release */,
			);
			defaultConfigurationIsVisible = 0;
			defaultConfigurationName = Release;
		};
		9C7973F51E712D9D00AA82A8 /* Build configuration list for PBXNativeTarget "Mineral" */ = {
			isa = XCConfigurationList;
			buildConfigurations = (
				9C7973F61E712D9D00AA82A8 /* Debug */,
				9C7973F71E712D9D00AA82A8 /* Release */,
			);
			defaultConfigurationIsVisible = 0;
		};
		9C7973F81E712D9D00AA82A8 /* Build configuration list for PBXNativeTarget "MineralTests" */ = {
			isa = XCConfigurationList;
			buildConfigurations = (
				9C7973F91E712D9D00AA82A8 /* Debug */,
				9C7973FA1E712D9D00AA82A8 /* Release */,
			);
			defaultConfigurationIsVisible = 0;
		};
		9C7973FB1E712D9D00AA82A8 /* Build configuration list for PBXNativeTarget "MineralUITests" */ = {
			isa = XCConfigurationList;
			buildConfigurations = (
				9C7973FC1E712D9D00AA82A8 /* Debug */,
				9C7973FD1E712D9D00AA82A8 /* Release */,
			);
			defaultConfigurationIsVisible = 0;
		};
/* End XCConfigurationList section */
	};
	rootObject = 9C7973C51E712D9D00AA82A8 /* Project object */;
}
